// !$*UTF8*$!
{
	archiveVersion = 1;
	classes = {
	};
	objectVersion = 50;
	objects = {

/* Begin PBXBuildFile section */
		255156E822926C8200AC21D2 /* AppDelegate.swift in Sources */ = {isa = PBXBuildFile; fileRef = 255156E722926C8200AC21D2 /* AppDelegate.swift */; };
		255156EA22926C8200AC21D2 /* ViewController.swift in Sources */ = {isa = PBXBuildFile; fileRef = 255156E922926C8200AC21D2 /* ViewController.swift */; };
		255156ED22926C8200AC21D2 /* Main.storyboard in Resources */ = {isa = PBXBuildFile; fileRef = 255156EB22926C8200AC21D2 /* Main.storyboard */; };
		255156EF22926C8500AC21D2 /* Assets.xcassets in Resources */ = {isa = PBXBuildFile; fileRef = 255156EE22926C8500AC21D2 /* Assets.xcassets */; };
		255156F222926C8500AC21D2 /* LaunchScreen.storyboard in Resources */ = {isa = PBXBuildFile; fileRef = 255156F022926C8500AC21D2 /* LaunchScreen.storyboard */; };
		255156FA22926DE700AC21D2 /* SVGView.swift in Sources */ = {isa = PBXBuildFile; fileRef = 255156F922926DE700AC21D2 /* SVGView.swift */; };
		255156FC22926E8700AC21D2 /* image.svg in Resources */ = {isa = PBXBuildFile; fileRef = 255156FB22926E8700AC21D2 /* image.svg */; };
		255156FE22926EAF00AC21D2 /* SVGLoader.swift in Sources */ = {isa = PBXBuildFile; fileRef = 255156FD22926EAF00AC21D2 /* SVGLoader.swift */; };
		2551570022929E8100AC21D2 /* loading-text.svg in Resources */ = {isa = PBXBuildFile; fileRef = 255156FF22929E8100AC21D2 /* loading-text.svg */; };
		255157022292A2BC00AC21D2 /* loading-text.css in Resources */ = {isa = PBXBuildFile; fileRef = 255157012292A2BC00AC21D2 /* loading-text.css */; };
		255157042293BDD500AC21D2 /* JavascriptExecutor.swift in Sources */ = {isa = PBXBuildFile; fileRef = 255157032293BDD500AC21D2 /* JavascriptExecutor.swift */; };
/* End PBXBuildFile section */

/* Begin PBXFileReference section */
		255156E422926C8200AC21D2 /* Example-iOS.app */ = {isa = PBXFileReference; explicitFileType = wrapper.application; includeInIndex = 0; path = "Example-iOS.app"; sourceTree = BUILT_PRODUCTS_DIR; };
		255156E722926C8200AC21D2 /* AppDelegate.swift */ = {isa = PBXFileReference; lastKnownFileType = sourcecode.swift; path = AppDelegate.swift; sourceTree = "<group>"; };
		255156E922926C8200AC21D2 /* ViewController.swift */ = {isa = PBXFileReference; lastKnownFileType = sourcecode.swift; path = ViewController.swift; sourceTree = "<group>"; };
		255156EC22926C8200AC21D2 /* Base */ = {isa = PBXFileReference; lastKnownFileType = file.storyboard; name = Base; path = Base.lproj/Main.storyboard; sourceTree = "<group>"; };
		255156EE22926C8500AC21D2 /* Assets.xcassets */ = {isa = PBXFileReference; lastKnownFileType = folder.assetcatalog; path = Assets.xcassets; sourceTree = "<group>"; };
		255156F122926C8500AC21D2 /* Base */ = {isa = PBXFileReference; lastKnownFileType = file.storyboard; name = Base; path = Base.lproj/LaunchScreen.storyboard; sourceTree = "<group>"; };
		255156F322926C8500AC21D2 /* Info.plist */ = {isa = PBXFileReference; lastKnownFileType = text.plist.xml; path = Info.plist; sourceTree = "<group>"; };
		255156F922926DE700AC21D2 /* SVGView.swift */ = {isa = PBXFileReference; lastKnownFileType = sourcecode.swift; path = SVGView.swift; sourceTree = "<group>"; };
		255156FB22926E8700AC21D2 /* image.svg */ = {isa = PBXFileReference; fileEncoding = 4; lastKnownFileType = text; name = image.svg; path = ../../../../../../../Downloads/image.svg; sourceTree = "<group>"; };
		255156FD22926EAF00AC21D2 /* SVGLoader.swift */ = {isa = PBXFileReference; lastKnownFileType = sourcecode.swift; path = SVGLoader.swift; sourceTree = "<group>"; };
		255156FF22929E8100AC21D2 /* loading-text.svg */ = {isa = PBXFileReference; fileEncoding = 4; lastKnownFileType = text; path = "loading-text.svg"; sourceTree = "<group>"; };
		255157012292A2BC00AC21D2 /* loading-text.css */ = {isa = PBXFileReference; lastKnownFileType = text.css; path = "loading-text.css"; sourceTree = "<group>"; };
		255157032293BDD500AC21D2 /* JavascriptExecutor.swift */ = {isa = PBXFileReference; lastKnownFileType = sourcecode.swift; path = JavascriptExecutor.swift; sourceTree = "<group>"; };
/* End PBXFileReference section */

/* Begin PBXFrameworksBuildPhase section */
		255156E122926C8200AC21D2 /* Frameworks */ = {
			isa = PBXFrameworksBuildPhase;
			buildActionMask = 2147483647;
			files = (
			);
			runOnlyForDeploymentPostprocessing = 0;
		};
/* End PBXFrameworksBuildPhase section */

/* Begin PBXGroup section */
		255156DB22926C8200AC21D2 = {
			isa = PBXGroup;
			children = (
				255156E622926C8200AC21D2 /* Example-iOS */,
				255156E522926C8200AC21D2 /* Products */,
			);
			sourceTree = "<group>";
		};
		255156E522926C8200AC21D2 /* Products */ = {
			isa = PBXGroup;
			children = (
				255156E422926C8200AC21D2 /* Example-iOS.app */,
			);
			name = Products;
			sourceTree = "<group>";
		};
		255156E622926C8200AC21D2 /* Example-iOS */ = {
			isa = PBXGroup;
			children = (
				255156FF22929E8100AC21D2 /* loading-text.svg */,
				255156FB22926E8700AC21D2 /* image.svg */,
				255156E722926C8200AC21D2 /* AppDelegate.swift */,
				255156E922926C8200AC21D2 /* ViewController.swift */,
				255156EB22926C8200AC21D2 /* Main.storyboard */,
				255156EE22926C8500AC21D2 /* Assets.xcassets */,
				255156F022926C8500AC21D2 /* LaunchScreen.storyboard */,
				255156F322926C8500AC21D2 /* Info.plist */,
				255156F922926DE700AC21D2 /* SVGView.swift */,
				255156FD22926EAF00AC21D2 /* SVGLoader.swift */,
				255157012292A2BC00AC21D2 /* loading-text.css */,
				255157032293BDD500AC21D2 /* JavascriptExecutor.swift */,
			);
			path = "Example-iOS";
			sourceTree = "<group>";
		};
/* End PBXGroup section */

/* Begin PBXNativeTarget section */
		255156E322926C8200AC21D2 /* Example-iOS */ = {
			isa = PBXNativeTarget;
			buildConfigurationList = 255156F622926C8500AC21D2 /* Build configuration list for PBXNativeTarget "Example-iOS" */;
			buildPhases = (
				255156E022926C8200AC21D2 /* Sources */,
				255156E122926C8200AC21D2 /* Frameworks */,
				255156E222926C8200AC21D2 /* Resources */,
			);
			buildRules = (
			);
			dependencies = (
			);
			name = "Example-iOS";
			productName = "Example-iOS";
			productReference = 255156E422926C8200AC21D2 /* Example-iOS.app */;
			productType = "com.apple.product-type.application";
		};
/* End PBXNativeTarget section */

/* Begin PBXProject section */
		255156DC22926C8200AC21D2 /* Project object */ = {
			isa = PBXProject;
			attributes = {
				LastSwiftUpdateCheck = 1020;
				LastUpgradeCheck = 1020;
				ORGANIZATIONNAME = kazuringo;
				TargetAttributes = {
					255156E322926C8200AC21D2 = {
						CreatedOnToolsVersion = 10.2.1;
					};
				};
			};
			buildConfigurationList = 255156DF22926C8200AC21D2 /* Build configuration list for PBXProject "Example-iOS" */;
			compatibilityVersion = "Xcode 9.3";
			developmentRegion = en;
			hasScannedForEncodings = 0;
			knownRegions = (
				en,
				Base,
			);
			mainGroup = 255156DB22926C8200AC21D2;
			productRefGroup = 255156E522926C8200AC21D2 /* Products */;
			projectDirPath = "";
			projectRoot = "";
			targets = (
				255156E322926C8200AC21D2 /* Example-iOS */,
			);
		};
/* End PBXProject section */

/* Begin PBXResourcesBuildPhase section */
		255156E222926C8200AC21D2 /* Resources */ = {
			isa = PBXResourcesBuildPhase;
			buildActionMask = 2147483647;
			files = (
				2551570022929E8100AC21D2 /* loading-text.svg in Resources */,
				255156F222926C8500AC21D2 /* LaunchScreen.storyboard in Resources */,
				255156EF22926C8500AC21D2 /* Assets.xcassets in Resources */,
				255156FC22926E8700AC21D2 /* image.svg in Resources */,
				255156ED22926C8200AC21D2 /* Main.storyboard in Resources */,
				255157022292A2BC00AC21D2 /* loading-text.css in Resources */,
			);
			runOnlyForDeploymentPostprocessing = 0;
		};
/* End PBXResourcesBuildPhase section */

/* Begin PBXSourcesBuildPhase section */
		255156E022926C8200AC21D2 /* Sources */ = {
			isa = PBXSourcesBuildPhase;
			buildActionMask = 2147483647;
			files = (
				255156FA22926DE700AC21D2 /* SVGView.swift in Sources */,
				255156FE22926EAF00AC21D2 /* SVGLoader.swift in Sources */,
				255156EA22926C8200AC21D2 /* ViewController.swift in Sources */,
				255156E822926C8200AC21D2 /* AppDelegate.swift in Sources */,
				255157042293BDD500AC21D2 /* JavascriptExecutor.swift in Sources */,
			);
			runOnlyForDeploymentPostprocessing = 0;
		};
/* End PBXSourcesBuildPhase section */

/* Begin PBXVariantGroup section */
		255156EB22926C8200AC21D2 /* Main.storyboard */ = {
			isa = PBXVariantGroup;
			children = (
				255156EC22926C8200AC21D2 /* Base */,
			);
			name = Main.storyboard;
			sourceTree = "<group>";
		};
		255156F022926C8500AC21D2 /* LaunchScreen.storyboard */ = {
			isa = PBXVariantGroup;
			children = (
				255156F122926C8500AC21D2 /* Base */,
			);
			name = LaunchScreen.storyboard;
			sourceTree = "<group>";
		};
/* End PBXVariantGroup section */

/* Begin XCBuildConfiguration section */
		255156F422926C8500AC21D2 /* Debug */ = {
			isa = XCBuildConfiguration;
			buildSettings = {
				ALWAYS_SEARCH_USER_PATHS = NO;
				CLANG_ANALYZER_NONNULL = YES;
				CLANG_ANALYZER_NUMBER_OBJECT_CONVERSION = YES_AGGRESSIVE;
				CLANG_CXX_LANGUAGE_STANDARD = "gnu++14";
				CLANG_CXX_LIBRARY = "libc++";
				CLANG_ENABLE_MODULES = YES;
				CLANG_ENABLE_OBJC_ARC = YES;
				CLANG_ENABLE_OBJC_WEAK = YES;
				CLANG_WARN_BLOCK_CAPTURE_AUTORELEASING = YES;
				CLANG_WARN_BOOL_CONVERSION = YES;
				CLANG_WARN_COMMA = YES;
				CLANG_WARN_CONSTANT_CONVERSION = YES;
				CLANG_WARN_DEPRECATED_OBJC_IMPLEMENTATIONS = YES;
				CLANG_WARN_DIRECT_OBJC_ISA_USAGE = YES_ERROR;
				CLANG_WARN_DOCUMENTATION_COMMENTS = YES;
				CLANG_WARN_EMPTY_BODY = YES;
				CLANG_WARN_ENUM_CONVERSION = YES;
				CLANG_WARN_INFINITE_RECURSION = YES;
				CLANG_WARN_INT_CONVERSION = YES;
				CLANG_WARN_NON_LITERAL_NULL_CONVERSION = YES;
				CLANG_WARN_OBJC_IMPLICIT_RETAIN_SELF = YES;
				CLANG_WARN_OBJC_LITERAL_CONVERSION = YES;
				CLANG_WARN_OBJC_ROOT_CLASS = YES_ERROR;
				CLANG_WARN_RANGE_LOOP_ANALYSIS = YES;
				CLANG_WARN_STRICT_PROTOTYPES = YES;
				CLANG_WARN_SUSPICIOUS_MOVE = YES;
				CLANG_WARN_UNGUARDED_AVAILABILITY = YES_AGGRESSIVE;
				CLANG_WARN_UNREACHABLE_CODE = YES;
				CLANG_WARN__DUPLICATE_METHOD_MATCH = YES;
				CODE_SIGN_IDENTITY = "iPhone Developer";
				COPY_PHASE_STRIP = NO;
				DEBUG_INFORMATION_FORMAT = dwarf;
				ENABLE_STRICT_OBJC_MSGSEND = YES;
				ENABLE_TESTABILITY = YES;
				GCC_C_LANGUAGE_STANDARD = gnu11;
				GCC_DYNAMIC_NO_PIC = NO;
				GCC_NO_COMMON_BLOCKS = YES;
				GCC_OPTIMIZATION_LEVEL = 0;
				GCC_PREPROCESSOR_DEFINITIONS = (
					"DEBUG=1",
					"$(inherited)",
				);
				GCC_WARN_64_TO_32_BIT_CONVERSION = YES;
				GCC_WARN_ABOUT_RETURN_TYPE = YES_ERROR;
				GCC_WARN_UNDECLARED_SELECTOR = YES;
				GCC_WARN_UNINITIALIZED_AUTOS = YES_AGGRESSIVE;
				GCC_WARN_UNUSED_FUNCTION = YES;
				GCC_WARN_UNUSED_VARIABLE = YES;
				IPHONEOS_DEPLOYMENT_TARGET = 12.2;
				MTL_ENABLE_DEBUG_INFO = INCLUDE_SOURCE;
				MTL_FAST_MATH = YES;
				ONLY_ACTIVE_ARCH = YES;
				SDKROOT = iphoneos;
				SWIFT_ACTIVE_COMPILATION_CONDITIONS = DEBUG;
				SWIFT_OPTIMIZATION_LEVEL = "-Onone";
			};
			name = Debug;
		};
		255156F522926C8500AC21D2 /* Release */ = {
			isa = XCBuildConfiguration;
			buildSettings = {
				ALWAYS_SEARCH_USER_PATHS = NO;
				CLANG_ANALYZER_NONNULL = YES;
				CLANG_ANALYZER_NUMBER_OBJECT_CONVERSION = YES_AGGRESSIVE;
				CLANG_CXX_LANGUAGE_STANDARD = "gnu++14";
				CLANG_CXX_LIBRARY = "libc++";
				CLANG_ENABLE_MODULES = YES;
				CLANG_ENABLE_OBJC_ARC = YES;
				CLANG_ENABLE_OBJC_WEAK = YES;
				CLANG_WARN_BLOCK_CAPTURE_AUTORELEASING = YES;
				CLANG_WARN_BOOL_CONVERSION = YES;
				CLANG_WARN_COMMA = YES;
				CLANG_WARN_CONSTANT_CONVERSION = YES;
				CLANG_WARN_DEPRECATED_OBJC_IMPLEMENTATIONS = YES;
				CLANG_WARN_DIRECT_OBJC_ISA_USAGE = YES_ERROR;
				CLANG_WARN_DOCUMENTATION_COMMENTS = YES;
				CLANG_WARN_EMPTY_BODY = YES;
				CLANG_WARN_ENUM_CONVERSION = YES;
				CLANG_WARN_INFINITE_RECURSION = YES;
				CLANG_WARN_INT_CONVERSION = YES;
				CLANG_WARN_NON_LITERAL_NULL_CONVERSION = YES;
				CLANG_WARN_OBJC_IMPLICIT_RETAIN_SELF = YES;
				CLANG_WARN_OBJC_LITERAL_CONVERSION = YES;
				CLANG_WARN_OBJC_ROOT_CLASS = YES_ERROR;
				CLANG_WARN_RANGE_LOOP_ANALYSIS = YES;
				CLANG_WARN_STRICT_PROTOTYPES = YES;
				CLANG_WARN_SUSPICIOUS_MOVE = YES;
				CLANG_WARN_UNGUARDED_AVAILABILITY = YES_AGGRESSIVE;
				CLANG_WARN_UNREACHABLE_CODE = YES;
				CLANG_WARN__DUPLICATE_METHOD_MATCH = YES;
				CODE_SIGN_IDENTITY = "iPhone Developer";
				COPY_PHASE_STRIP = NO;
				DEBUG_INFORMATION_FORMAT = "dwarf-with-dsym";
				ENABLE_NS_ASSERTIONS = NO;
				ENABLE_STRICT_OBJC_MSGSEND = YES;
				GCC_C_LANGUAGE_STANDARD = gnu11;
				GCC_NO_COMMON_BLOCKS = YES;
				GCC_WARN_64_TO_32_BIT_CONVERSION = YES;
				GCC_WARN_ABOUT_RETURN_TYPE = YES_ERROR;
				GCC_WARN_UNDECLARED_SELECTOR = YES;
				GCC_WARN_UNINITIALIZED_AUTOS = YES_AGGRESSIVE;
				GCC_WARN_UNUSED_FUNCTION = YES;
				GCC_WARN_UNUSED_VARIABLE = YES;
				IPHONEOS_DEPLOYMENT_TARGET = 12.2;
				MTL_ENABLE_DEBUG_INFO = NO;
				MTL_FAST_MATH = YES;
				SDKROOT = iphoneos;
				SWIFT_COMPILATION_MODE = wholemodule;
				SWIFT_OPTIMIZATION_LEVEL = "-O";
				VALIDATE_PRODUCT = YES;
			};
			name = Release;
		};
		255156F722926C8500AC21D2 /* Debug */ = {
			isa = XCBuildConfiguration;
			buildSettings = {
				ASSETCATALOG_COMPILER_APPICON_NAME = AppIcon;
				CODE_SIGN_STYLE = Automatic;
				INFOPLIST_FILE = "Example-iOS/Info.plist";
				LD_RUNPATH_SEARCH_PATHS = (
					"$(inherited)",
					"@executable_path/Frameworks",
				);
				PRODUCT_BUNDLE_IDENTIFIER = "xyz.kazuringo.Example-iOS";
				PRODUCT_NAME = "$(TARGET_NAME)";
				SWIFT_VERSION = 5.0;
				TARGETED_DEVICE_FAMILY = "1,2";
			};
			name = Debug;
		};
		255156F822926C8500AC21D2 /* Release */ = {
			isa = XCBuildConfiguration;
			buildSettings = {
				ASSETCATALOG_COMPILER_APPICON_NAME = AppIcon;
				CODE_SIGN_STYLE = Automatic;
				INFOPLIST_FILE = "Example-iOS/Info.plist";
				LD_RUNPATH_SEARCH_PATHS = (
					"$(inherited)",
					"@executable_path/Frameworks",
				);
				PRODUCT_BUNDLE_IDENTIFIER = "xyz.kazuringo.Example-iOS";
				PRODUCT_NAME = "$(TARGET_NAME)";
				SWIFT_VERSION = 5.0;
				TARGETED_DEVICE_FAMILY = "1,2";
			};
			name = Release;
		};
/* End XCBuildConfiguration section */

/* Begin XCConfigurationList section */
		255156DF22926C8200AC21D2 /* Build configuration list for PBXProject "Example-iOS" */ = {
			isa = XCConfigurationList;
			buildConfigurations = (
				255156F422926C8500AC21D2 /* Debug */,
				255156F522926C8500AC21D2 /* Release */,
			);
			defaultConfigurationIsVisible = 0;
			defaultConfigurationName = Release;
		};
		255156F622926C8500AC21D2 /* Build configuration list for PBXNativeTarget "Example-iOS" */ = {
			isa = XCConfigurationList;
			buildConfigurations = (
				255156F722926C8500AC21D2 /* Debug */,
				255156F822926C8500AC21D2 /* Release */,
			);
			defaultConfigurationIsVisible = 0;
			defaultConfigurationName = Release;
		};
/* End XCConfigurationList section */
	};
	rootObject = 255156DC22926C8200AC21D2 /* Project object */;
}
